
Microsoft Visual Studio Solution File, Format Version 12.00
# Visual Studio Version 17
VisualStudioVersion = 17.10.35027.167
MinimumVisualStudioVersion = 10.0.40219.1
Project("{9A19103F-16F7-4668-BE54-9A1E7A4F7556}") = "EN.SuperRestaurant.MVC", "EN.SuperRestaurant.MVC\EN.SuperRestaurant.MVC.csproj", "{1AD69E66-A8D9-4FF1-98AC-36F1998DD2E1}"
EndProject
Project("{FAE04EC0-301F-11D3-BF4B-00C04F79EFBC}") = "EN.SuperRestaurant.Entities", "EN.SuperRestaurant.Entities\EN.SuperRestaurant.Entities.csproj", "{DFBAB23F-33B1-4632-AD02-472827563D9A}"
EndProject
Global
	GlobalSection(SolutionConfigurationPlatforms) = preSolution
		Debug|Any CPU = Debug|Any CPU
		Release|Any CPU = Release|Any CPU
	EndGlobalSection
	GlobalSection(ProjectConfigurationPlatforms) = postSolution
		{1AD69E66-A8D9-4FF1-98AC-36F1998DD2E1}.Debug|Any CPU.ActiveCfg = Debug|Any CPU
		{1AD69E66-A8D9-4FF1-98AC-36F1998DD2E1}.Debug|Any CPU.Build.0 = Debug|Any CPU
		{1AD69E66-A8D9-4FF1-98AC-36F1998DD2E1}.Release|Any CPU.ActiveCfg = Release|Any CPU
		{1AD69E66-A8D9-4FF1-98AC-36F1998DD2E1}.Release|Any CPU.Build.0 = Release|Any CPU
		{DFBAB23F-33B1-4632-AD02-472827563D9A}.Debug|Any CPU.ActiveCfg = Debug|Any CPU
		{DFBAB23F-33B1-4632-AD02-472827563D9A}.Debug|Any CPU.Build.0 = Debug|Any CPU
		{DFBAB23F-33B1-4632-AD02-472827563D9A}.Release|Any CPU.ActiveCfg = Release|Any CPU
		{DFBAB23F-33B1-4632-AD02-472827563D9A}.Release|Any CPU.Build.0 = Release|Any CPU
	EndGlobalSection
	GlobalSection(SolutionProperties) = preSolution
		HideSolutionNode = FALSE
	EndGlobalSection
	GlobalSection(ExtensibilityGlobals) = postSolution
		SolutionGuid = {8E34A94B-9DDB-4869-9D81-67B174910D42}
	EndGlobalSection
EndGlobal
